# This file is automatically @generated by Poetry 1.5.1 and should not be changed by hand.

[[package]]
name = "temp"
version = "2020.7.2"
description = "temp.tempdir(), temp.tempfile() functions"
optional = false
python-versions = "*"
files = [
    {file = "temp-2020.7.2.tar.gz", hash = "sha256:aefecf9e4d0d3900fba7fde844dc9dc62918ab66ad4003c8fdddcf3cd0a1edb4"},
]

[metadata]
lock-version = "2.0"
python-versions = ">=3.10.0,<3.11"
content-hash = "5ddfbe4798a698e30b5c2c9b543e8aacb865eb78104acc6c6650568968e94940"
